// !$*UTF8*$!
{
	archiveVersion = 1;
	classes = {
	};
	objectVersion = 46;
	objects = {

/* Begin PBXBuildFile section */
		55A3F8831F1404830021BD3C /* Assets.xcassets in Resources */ = {isa = PBXBuildFile; fileRef = 55A3F8821F1404830021BD3C /* Assets.xcassets */; };
		58A7EF87558C91857F1073FA /* Pods_PMBCWN.framework in Frameworks */ = {isa = PBXBuildFile; fileRef = 25D82AE6B88EB8AB8BB14899 /* Pods_PMBCWN.framework */; };
		8AE85E983459AE4AB80F04A5 /* Pods_PMBCWNTests.framework in Frameworks */ = {isa = PBXBuildFile; fileRef = 447883ABAFB972CF42803618 /* Pods_PMBCWNTests.framework */; };
		F358470F1F0E44010042AD83 /* AppDelegate.swift in Sources */ = {isa = PBXBuildFile; fileRef = F358470E1F0E44010042AD83 /* AppDelegate.swift */; };
		F35847111F0E44010042AD83 /* FeedsViewController.swift in Sources */ = {isa = PBXBuildFile; fileRef = F35847101F0E44010042AD83 /* FeedsViewController.swift */; };
		F35847141F0E44010042AD83 /* Main.storyboard in Resources */ = {isa = PBXBuildFile; fileRef = F35847121F0E44010042AD83 /* Main.storyboard */; };
		F358471C1F0E44010042AD83 /* LaunchScreen.storyboard in Resources */ = {isa = PBXBuildFile; fileRef = F358471A1F0E44010042AD83 /* LaunchScreen.storyboard */; };
		F35847271F0E44010042AD83 /* PMBCWNTests.swift in Sources */ = {isa = PBXBuildFile; fileRef = F35847261F0E44010042AD83 /* PMBCWNTests.swift */; };
		F35847321F0E683E0042AD83 /* FeedTableViewModel.swift in Sources */ = {isa = PBXBuildFile; fileRef = F35847311F0E683E0042AD83 /* FeedTableViewModel.swift */; };
		F36A5C0E1F0E8784006DA762 /* FeedTableCellViewModel.swift in Sources */ = {isa = PBXBuildFile; fileRef = F36A5C0D1F0E8784006DA762 /* FeedTableCellViewModel.swift */; };
		F36A5C111F0E8C8F006DA762 /* RSSFeedTableViewCell.swift in Sources */ = {isa = PBXBuildFile; fileRef = F36A5C0F1F0E8C8F006DA762 /* RSSFeedTableViewCell.swift */; };
		F36A5C121F0E8C8F006DA762 /* RSSFeedTableViewCell.xib in Resources */ = {isa = PBXBuildFile; fileRef = F36A5C101F0E8C8F006DA762 /* RSSFeedTableViewCell.xib */; };
		F36A5C161F0E936E006DA762 /* Coordinator.swift in Sources */ = {isa = PBXBuildFile; fileRef = F36A5C141F0E936E006DA762 /* Coordinator.swift */; };
		F36A5C171F0E936E006DA762 /* CoordinatorDelegate.swift in Sources */ = {isa = PBXBuildFile; fileRef = F36A5C151F0E936E006DA762 /* CoordinatorDelegate.swift */; };
		F36A5C191F0E939D006DA762 /* BaseAppCoordinator.swift in Sources */ = {isa = PBXBuildFile; fileRef = F36A5C181F0E939D006DA762 /* BaseAppCoordinator.swift */; };
		F36A5C1D1F0E94AD006DA762 /* ListCoordinator.swift in Sources */ = {isa = PBXBuildFile; fileRef = F36A5C1C1F0E94AD006DA762 /* ListCoordinator.swift */; };
		F36A5C1F1F0F8008006DA762 /* ListCoordinatorDelegate.swift in Sources */ = {isa = PBXBuildFile; fileRef = F36A5C1E1F0F8008006DA762 /* ListCoordinatorDelegate.swift */; };
		F36A5C211F0F8134006DA762 /* ItemCoordinator.swift in Sources */ = {isa = PBXBuildFile; fileRef = F36A5C201F0F8134006DA762 /* ItemCoordinator.swift */; };
		F36A5C241F0F82D2006DA762 /* ItemViewController.swift in Sources */ = {isa = PBXBuildFile; fileRef = F36A5C221F0F82D2006DA762 /* ItemViewController.swift */; };
		F36A5C271F0F9B47006DA762 /* ItemViewModel.swift in Sources */ = {isa = PBXBuildFile; fileRef = F36A5C261F0F9B47006DA762 /* ItemViewModel.swift */; };
		F36A5C2C1F0FDCAA006DA762 /* MixPanelConfiguration.swift in Sources */ = {isa = PBXBuildFile; fileRef = F36A5C2B1F0FDCAA006DA762 /* MixPanelConfiguration.swift */; };
		F36A5C2E1F0FE0FA006DA762 /* UserNotifications.framework in Frameworks */ = {isa = PBXBuildFile; fileRef = F36A5C2D1F0FE0FA006DA762 /* UserNotifications.framework */; };
/* End PBXBuildFile section */

/* Begin PBXContainerItemProxy section */
		F35847231F0E44010042AD83 /* PBXContainerItemProxy */ = {
			isa = PBXContainerItemProxy;
			containerPortal = F35847031F0E44010042AD83 /* Project object */;
			proxyType = 1;
			remoteGlobalIDString = F358470A1F0E44010042AD83;
			remoteInfo = PMBCWN;
		};
/* End PBXContainerItemProxy section */

/* Begin PBXCopyFilesBuildPhase section */
		F35847361F0E69500042AD83 /* Embed Frameworks */ = {
			isa = PBXCopyFilesBuildPhase;
			buildActionMask = 2147483647;
			dstPath = "";
			dstSubfolderSpec = 10;
			files = (
			);
			name = "Embed Frameworks";
			runOnlyForDeploymentPostprocessing = 0;
		};
/* End PBXCopyFilesBuildPhase section */

/* Begin PBXFileReference section */
		0655B6EA6F00AB0C28A69834 /* Pods-PMBCWN.debug.xcconfig */ = {isa = PBXFileReference; includeInIndex = 1; lastKnownFileType = text.xcconfig; name = "Pods-PMBCWN.debug.xcconfig"; path = "Pods/Target Support Files/Pods-PMBCWN/Pods-PMBCWN.debug.xcconfig"; sourceTree = "<group>"; };
		25D82AE6B88EB8AB8BB14899 /* Pods_PMBCWN.framework */ = {isa = PBXFileReference; explicitFileType = wrapper.framework; includeInIndex = 0; path = Pods_PMBCWN.framework; sourceTree = BUILT_PRODUCTS_DIR; };
		2A255FC60C1465209196B5FB /* Pods-PMBCWNTests.debug.xcconfig */ = {isa = PBXFileReference; includeInIndex = 1; lastKnownFileType = text.xcconfig; name = "Pods-PMBCWNTests.debug.xcconfig"; path = "Pods/Target Support Files/Pods-PMBCWNTests/Pods-PMBCWNTests.debug.xcconfig"; sourceTree = "<group>"; };
		344B89825E75E4D14785E2E9 /* Pods-PMBCWN.release.xcconfig */ = {isa = PBXFileReference; includeInIndex = 1; lastKnownFileType = text.xcconfig; name = "Pods-PMBCWN.release.xcconfig"; path = "Pods/Target Support Files/Pods-PMBCWN/Pods-PMBCWN.release.xcconfig"; sourceTree = "<group>"; };
		447883ABAFB972CF42803618 /* Pods_PMBCWNTests.framework */ = {isa = PBXFileReference; explicitFileType = wrapper.framework; includeInIndex = 0; path = Pods_PMBCWNTests.framework; sourceTree = BUILT_PRODUCTS_DIR; };
		55A3F8821F1404830021BD3C /* Assets.xcassets */ = {isa = PBXFileReference; lastKnownFileType = folder.assetcatalog; path = Assets.xcassets; sourceTree = SOURCE_ROOT; };
		55C9AFE31F112819009242E4 /* PMBCWN.entitlements */ = {isa = PBXFileReference; lastKnownFileType = text.plist.entitlements; path = PMBCWN.entitlements; sourceTree = "<group>"; };
		CB365255E4C83FCB6F126F83 /* Pods-PMBCWNTests.release.xcconfig */ = {isa = PBXFileReference; includeInIndex = 1; lastKnownFileType = text.xcconfig; name = "Pods-PMBCWNTests.release.xcconfig"; path = "Pods/Target Support Files/Pods-PMBCWNTests/Pods-PMBCWNTests.release.xcconfig"; sourceTree = "<group>"; };
		F358470B1F0E44010042AD83 /* PMBCWN.app */ = {isa = PBXFileReference; explicitFileType = wrapper.application; includeInIndex = 0; path = PMBCWN.app; sourceTree = BUILT_PRODUCTS_DIR; };
		F358470E1F0E44010042AD83 /* AppDelegate.swift */ = {isa = PBXFileReference; lastKnownFileType = sourcecode.swift; path = AppDelegate.swift; sourceTree = "<group>"; };
		F35847101F0E44010042AD83 /* FeedsViewController.swift */ = {isa = PBXFileReference; lastKnownFileType = sourcecode.swift; path = FeedsViewController.swift; sourceTree = "<group>"; };
		F35847131F0E44010042AD83 /* Base */ = {isa = PBXFileReference; lastKnownFileType = file.storyboard; name = Base; path = Base.lproj/Main.storyboard; sourceTree = "<group>"; };
		F358471B1F0E44010042AD83 /* Base */ = {isa = PBXFileReference; lastKnownFileType = file.storyboard; name = Base; path = Base.lproj/LaunchScreen.storyboard; sourceTree = "<group>"; };
		F358471D1F0E44010042AD83 /* Info.plist */ = {isa = PBXFileReference; lastKnownFileType = text.plist.xml; path = Info.plist; sourceTree = "<group>"; };
		F35847221F0E44010042AD83 /* PMBCWNTests.xctest */ = {isa = PBXFileReference; explicitFileType = wrapper.cfbundle; includeInIndex = 0; path = PMBCWNTests.xctest; sourceTree = BUILT_PRODUCTS_DIR; };
		F35847261F0E44010042AD83 /* PMBCWNTests.swift */ = {isa = PBXFileReference; lastKnownFileType = sourcecode.swift; path = PMBCWNTests.swift; sourceTree = "<group>"; };
		F35847281F0E44010042AD83 /* Info.plist */ = {isa = PBXFileReference; lastKnownFileType = text.plist.xml; path = Info.plist; sourceTree = "<group>"; };
		F35847311F0E683E0042AD83 /* FeedTableViewModel.swift */ = {isa = PBXFileReference; fileEncoding = 4; lastKnownFileType = sourcecode.swift; path = FeedTableViewModel.swift; sourceTree = "<group>"; };
		F36A5C0D1F0E8784006DA762 /* FeedTableCellViewModel.swift */ = {isa = PBXFileReference; fileEncoding = 4; lastKnownFileType = sourcecode.swift; path = FeedTableCellViewModel.swift; sourceTree = "<group>"; };
		F36A5C0F1F0E8C8F006DA762 /* RSSFeedTableViewCell.swift */ = {isa = PBXFileReference; fileEncoding = 4; lastKnownFileType = sourcecode.swift; path = RSSFeedTableViewCell.swift; sourceTree = "<group>"; };
		F36A5C101F0E8C8F006DA762 /* RSSFeedTableViewCell.xib */ = {isa = PBXFileReference; fileEncoding = 4; lastKnownFileType = file.xib; path = RSSFeedTableViewCell.xib; sourceTree = "<group>"; };
		F36A5C141F0E936E006DA762 /* Coordinator.swift */ = {isa = PBXFileReference; fileEncoding = 4; lastKnownFileType = sourcecode.swift; path = Coordinator.swift; sourceTree = "<group>"; };
		F36A5C151F0E936E006DA762 /* CoordinatorDelegate.swift */ = {isa = PBXFileReference; fileEncoding = 4; lastKnownFileType = sourcecode.swift; path = CoordinatorDelegate.swift; sourceTree = "<group>"; };
		F36A5C181F0E939D006DA762 /* BaseAppCoordinator.swift */ = {isa = PBXFileReference; fileEncoding = 4; lastKnownFileType = sourcecode.swift; path = BaseAppCoordinator.swift; sourceTree = "<group>"; };
		F36A5C1C1F0E94AD006DA762 /* ListCoordinator.swift */ = {isa = PBXFileReference; fileEncoding = 4; lastKnownFileType = sourcecode.swift; path = ListCoordinator.swift; sourceTree = "<group>"; };
		F36A5C1E1F0F8008006DA762 /* ListCoordinatorDelegate.swift */ = {isa = PBXFileReference; fileEncoding = 4; lastKnownFileType = sourcecode.swift; path = ListCoordinatorDelegate.swift; sourceTree = "<group>"; };
		F36A5C201F0F8134006DA762 /* ItemCoordinator.swift */ = {isa = PBXFileReference; fileEncoding = 4; lastKnownFileType = sourcecode.swift; path = ItemCoordinator.swift; sourceTree = "<group>"; };
		F36A5C221F0F82D2006DA762 /* ItemViewController.swift */ = {isa = PBXFileReference; fileEncoding = 4; lastKnownFileType = sourcecode.swift; path = ItemViewController.swift; sourceTree = "<group>"; };
		F36A5C261F0F9B47006DA762 /* ItemViewModel.swift */ = {isa = PBXFileReference; fileEncoding = 4; lastKnownFileType = sourcecode.swift; path = ItemViewModel.swift; sourceTree = "<group>"; };
		F36A5C2B1F0FDCAA006DA762 /* MixPanelConfiguration.swift */ = {isa = PBXFileReference; fileEncoding = 4; lastKnownFileType = sourcecode.swift; path = MixPanelConfiguration.swift; sourceTree = "<group>"; };
		F36A5C2D1F0FE0FA006DA762 /* UserNotifications.framework */ = {isa = PBXFileReference; lastKnownFileType = wrapper.framework; name = UserNotifications.framework; path = System/Library/Frameworks/UserNotifications.framework; sourceTree = SDKROOT; };
/* End PBXFileReference section */

/* Begin PBXFrameworksBuildPhase section */
		F35847081F0E44010042AD83 /* Frameworks */ = {
			isa = PBXFrameworksBuildPhase;
			buildActionMask = 2147483647;
			files = (
				F36A5C2E1F0FE0FA006DA762 /* UserNotifications.framework in Frameworks */,
				58A7EF87558C91857F1073FA /* Pods_PMBCWN.framework in Frameworks */,
			);
			runOnlyForDeploymentPostprocessing = 0;
		};
		F358471F1F0E44010042AD83 /* Frameworks */ = {
			isa = PBXFrameworksBuildPhase;
			buildActionMask = 2147483647;
			files = (
				8AE85E983459AE4AB80F04A5 /* Pods_PMBCWNTests.framework in Frameworks */,
			);
			runOnlyForDeploymentPostprocessing = 0;
		};
/* End PBXFrameworksBuildPhase section */

/* Begin PBXGroup section */
		DB39C9999B6C954AA1677AE0 /* Frameworks */ = {
			isa = PBXGroup;
			children = (
				F36A5C2D1F0FE0FA006DA762 /* UserNotifications.framework */,
				25D82AE6B88EB8AB8BB14899 /* Pods_PMBCWN.framework */,
				447883ABAFB972CF42803618 /* Pods_PMBCWNTests.framework */,
			);
			name = Frameworks;
			sourceTree = "<group>";
		};
		F222F165185645B677A1300F /* Pods */ = {
			isa = PBXGroup;
			children = (
				0655B6EA6F00AB0C28A69834 /* Pods-PMBCWN.debug.xcconfig */,
				344B89825E75E4D14785E2E9 /* Pods-PMBCWN.release.xcconfig */,
				2A255FC60C1465209196B5FB /* Pods-PMBCWNTests.debug.xcconfig */,
				CB365255E4C83FCB6F126F83 /* Pods-PMBCWNTests.release.xcconfig */,
			);
			name = Pods;
			sourceTree = "<group>";
		};
		F35847021F0E44010042AD83 = {
			isa = PBXGroup;
			children = (
				F358470D1F0E44010042AD83 /* PMBCWN */,
				F35847251F0E44010042AD83 /* PMBCWNTests */,
				F358470C1F0E44010042AD83 /* Products */,
				F222F165185645B677A1300F /* Pods */,
				DB39C9999B6C954AA1677AE0 /* Frameworks */,
			);
			sourceTree = "<group>";
		};
		F358470C1F0E44010042AD83 /* Products */ = {
			isa = PBXGroup;
			children = (
				F358470B1F0E44010042AD83 /* PMBCWN.app */,
				F35847221F0E44010042AD83 /* PMBCWNTests.xctest */,
			);
			name = Products;
			sourceTree = "<group>";
		};
		F358470D1F0E44010042AD83 /* PMBCWN */ = {
			isa = PBXGroup;
			children = (
				55C9AFE31F112819009242E4 /* PMBCWN.entitlements */,
				F36A5C2B1F0FDCAA006DA762 /* MixPanelConfiguration.swift */,
				F36A5C2A1F0FA98B006DA762 /* List */,
				F36A5C291F0FA96F006DA762 /* Coordinator */,
				F36A5C281F0FA95F006DA762 /* Item */,
				F358470E1F0E44010042AD83 /* AppDelegate.swift */,
				F36A5C131F0E8D39006DA762 /* FeedCell */,
				F35847121F0E44010042AD83 /* Main.storyboard */,
				F358471A1F0E44010042AD83 /* LaunchScreen.storyboard */,
				F358471D1F0E44010042AD83 /* Info.plist */,
				55A3F8821F1404830021BD3C /* Assets.xcassets */,
			);
			path = PMBCWN;
			sourceTree = "<group>";
		};
		F35847251F0E44010042AD83 /* PMBCWNTests */ = {
			isa = PBXGroup;
			children = (
				F35847261F0E44010042AD83 /* PMBCWNTests.swift */,
				F35847281F0E44010042AD83 /* Info.plist */,
			);
			path = PMBCWNTests;
			sourceTree = "<group>";
		};
		F36A5C131F0E8D39006DA762 /* FeedCell */ = {
			isa = PBXGroup;
			children = (
				F36A5C0D1F0E8784006DA762 /* FeedTableCellViewModel.swift */,
				F36A5C0F1F0E8C8F006DA762 /* RSSFeedTableViewCell.swift */,
				F36A5C101F0E8C8F006DA762 /* RSSFeedTableViewCell.xib */,
			);
			name = FeedCell;
			sourceTree = "<group>";
		};
		F36A5C281F0FA95F006DA762 /* Item */ = {
			isa = PBXGroup;
			children = (
				F36A5C261F0F9B47006DA762 /* ItemViewModel.swift */,
				F36A5C221F0F82D2006DA762 /* ItemViewController.swift */,
				F36A5C201F0F8134006DA762 /* ItemCoordinator.swift */,
			);
			name = Item;
			sourceTree = "<group>";
		};
		F36A5C291F0FA96F006DA762 /* Coordinator */ = {
			isa = PBXGroup;
			children = (
				F36A5C181F0E939D006DA762 /* BaseAppCoordinator.swift */,
				F36A5C141F0E936E006DA762 /* Coordinator.swift */,
				F36A5C151F0E936E006DA762 /* CoordinatorDelegate.swift */,
			);
			name = Coordinator;
			sourceTree = "<group>";
		};
		F36A5C2A1F0FA98B006DA762 /* List */ = {
			isa = PBXGroup;
			children = (
				F36A5C1C1F0E94AD006DA762 /* ListCoordinator.swift */,
				F36A5C1E1F0F8008006DA762 /* ListCoordinatorDelegate.swift */,
				F35847101F0E44010042AD83 /* FeedsViewController.swift */,
				F35847311F0E683E0042AD83 /* FeedTableViewModel.swift */,
			);
			name = List;
			sourceTree = "<group>";
		};
/* End PBXGroup section */

/* Begin PBXNativeTarget section */
		F358470A1F0E44010042AD83 /* PMBCWN */ = {
			isa = PBXNativeTarget;
			buildConfigurationList = F358472B1F0E44010042AD83 /* Build configuration list for PBXNativeTarget "PMBCWN" */;
			buildPhases = (
				15F45A0391BC964A6A9C177D /* [CP] Check Pods Manifest.lock */,
				F35847071F0E44010042AD83 /* Sources */,
				F35847081F0E44010042AD83 /* Frameworks */,
				F35847091F0E44010042AD83 /* Resources */,
				473441A74D111E87058EFAC6 /* [CP] Embed Pods Frameworks */,
				E3F8C8D0B575A02695C9197C /* [CP] Copy Pods Resources */,
				F35847361F0E69500042AD83 /* Embed Frameworks */,
			);
			buildRules = (
			);
			dependencies = (
			);
			name = PMBCWN;
			productName = PMBCWN;
			productReference = F358470B1F0E44010042AD83 /* PMBCWN.app */;
			productType = "com.apple.product-type.application";
		};
		F35847211F0E44010042AD83 /* PMBCWNTests */ = {
			isa = PBXNativeTarget;
			buildConfigurationList = F358472E1F0E44010042AD83 /* Build configuration list for PBXNativeTarget "PMBCWNTests" */;
			buildPhases = (
				97542EE8CCB3B91DB15AC4B1 /* [CP] Check Pods Manifest.lock */,
				F358471E1F0E44010042AD83 /* Sources */,
				F358471F1F0E44010042AD83 /* Frameworks */,
				F35847201F0E44010042AD83 /* Resources */,
				610B0DDA678C053C01C8CA83 /* [CP] Embed Pods Frameworks */,
				DCFA5AF40289F16543A53192 /* [CP] Copy Pods Resources */,
			);
			buildRules = (
			);
			dependencies = (
				F35847241F0E44010042AD83 /* PBXTargetDependency */,
			);
			name = PMBCWNTests;
			productName = PMBCWNTests;
			productReference = F35847221F0E44010042AD83 /* PMBCWNTests.xctest */;
			productType = "com.apple.product-type.bundle.unit-test";
		};
/* End PBXNativeTarget section */

/* Begin PBXProject section */
		F35847031F0E44010042AD83 /* Project object */ = {
			isa = PBXProject;
			attributes = {
				LastSwiftUpdateCheck = 0820;
				LastUpgradeCheck = 0820;
				ORGANIZATIONNAME = arkmon;
				TargetAttributes = {
					F358470A1F0E44010042AD83 = {
						CreatedOnToolsVersion = 8.2.1;
						DevelopmentTeam = 93XSVADNU8;
						ProvisioningStyle = Automatic;
						SystemCapabilities = {
							com.apple.Push = {
								enabled = 1;
							};
						};
					};
					F35847211F0E44010042AD83 = {
						CreatedOnToolsVersion = 8.2.1;
						ProvisioningStyle = Automatic;
						TestTargetID = F358470A1F0E44010042AD83;
					};
				};
			};
			buildConfigurationList = F35847061F0E44010042AD83 /* Build configuration list for PBXProject "PMBCWN" */;
			compatibilityVersion = "Xcode 3.2";
			developmentRegion = English;
			hasScannedForEncodings = 0;
			knownRegions = (
				en,
				Base,
			);
			mainGroup = F35847021F0E44010042AD83;
			productRefGroup = F358470C1F0E44010042AD83 /* Products */;
			projectDirPath = "";
			projectRoot = "";
			targets = (
				F358470A1F0E44010042AD83 /* PMBCWN */,
				F35847211F0E44010042AD83 /* PMBCWNTests */,
			);
		};
/* End PBXProject section */

/* Begin PBXResourcesBuildPhase section */
		F35847091F0E44010042AD83 /* Resources */ = {
			isa = PBXResourcesBuildPhase;
			buildActionMask = 2147483647;
			files = (
				F36A5C121F0E8C8F006DA762 /* RSSFeedTableViewCell.xib in Resources */,
				F358471C1F0E44010042AD83 /* LaunchScreen.storyboard in Resources */,
				55A3F8831F1404830021BD3C /* Assets.xcassets in Resources */,
				F35847141F0E44010042AD83 /* Main.storyboard in Resources */,
			);
			runOnlyForDeploymentPostprocessing = 0;
		};
		F35847201F0E44010042AD83 /* Resources */ = {
			isa = PBXResourcesBuildPhase;
			buildActionMask = 2147483647;
			files = (
			);
			runOnlyForDeploymentPostprocessing = 0;
		};
/* End PBXResourcesBuildPhase section */

/* Begin PBXShellScriptBuildPhase section */
		15F45A0391BC964A6A9C177D /* [CP] Check Pods Manifest.lock */ = {
			isa = PBXShellScriptBuildPhase;
			buildActionMask = 2147483647;
			files = (
			);
			inputPaths = (
			);
			name = "[CP] Check Pods Manifest.lock";
			outputPaths = (
			);
			runOnlyForDeploymentPostprocessing = 0;
			shellPath = /bin/sh;
			shellScript = "diff \"${PODS_PODFILE_DIR_PATH}/Podfile.lock\" \"${PODS_ROOT}/Manifest.lock\" > /dev/null\nif [ $? != 0 ] ; then\n    # print error to STDERR\n    echo \"error: The sandbox is not in sync with the Podfile.lock. Run 'pod install' or update your CocoaPods installation.\" >&2\n    exit 1\nfi\n";
			showEnvVarsInLog = 0;
		};
		473441A74D111E87058EFAC6 /* [CP] Embed Pods Frameworks */ = {
			isa = PBXShellScriptBuildPhase;
			buildActionMask = 2147483647;
			files = (
			);
			inputPaths = (
			);
			name = "[CP] Embed Pods Frameworks";
			outputPaths = (
			);
			runOnlyForDeploymentPostprocessing = 0;
			shellPath = /bin/sh;
			shellScript = "\"${SRCROOT}/Pods/Target Support Files/Pods-PMBCWN/Pods-PMBCWN-frameworks.sh\"\n";
			showEnvVarsInLog = 0;
		};
		610B0DDA678C053C01C8CA83 /* [CP] Embed Pods Frameworks */ = {
			isa = PBXShellScriptBuildPhase;
			buildActionMask = 2147483647;
			files = (
			);
			inputPaths = (
			);
			name = "[CP] Embed Pods Frameworks";
			outputPaths = (
			);
			runOnlyForDeploymentPostprocessing = 0;
			shellPath = /bin/sh;
			shellScript = "\"${SRCROOT}/Pods/Target Support Files/Pods-PMBCWNTests/Pods-PMBCWNTests-frameworks.sh\"\n";
			showEnvVarsInLog = 0;
		};
		97542EE8CCB3B91DB15AC4B1 /* [CP] Check Pods Manifest.lock */ = {
			isa = PBXShellScriptBuildPhase;
			buildActionMask = 2147483647;
			files = (
			);
			inputPaths = (
			);
			name = "[CP] Check Pods Manifest.lock";
			outputPaths = (
			);
			runOnlyForDeploymentPostprocessing = 0;
			shellPath = /bin/sh;
			shellScript = "diff \"${PODS_PODFILE_DIR_PATH}/Podfile.lock\" \"${PODS_ROOT}/Manifest.lock\" > /dev/null\nif [ $? != 0 ] ; then\n    # print error to STDERR\n    echo \"error: The sandbox is not in sync with the Podfile.lock. Run 'pod install' or update your CocoaPods installation.\" >&2\n    exit 1\nfi\n";
			showEnvVarsInLog = 0;
		};
		DCFA5AF40289F16543A53192 /* [CP] Copy Pods Resources */ = {
			isa = PBXShellScriptBuildPhase;
			buildActionMask = 2147483647;
			files = (
			);
			inputPaths = (
			);
			name = "[CP] Copy Pods Resources";
			outputPaths = (
			);
			runOnlyForDeploymentPostprocessing = 0;
			shellPath = /bin/sh;
			shellScript = "\"${SRCROOT}/Pods/Target Support Files/Pods-PMBCWNTests/Pods-PMBCWNTests-resources.sh\"\n";
			showEnvVarsInLog = 0;
		};
		E3F8C8D0B575A02695C9197C /* [CP] Copy Pods Resources */ = {
			isa = PBXShellScriptBuildPhase;
			buildActionMask = 2147483647;
			files = (
			);
			inputPaths = (
			);
			name = "[CP] Copy Pods Resources";
			outputPaths = (
			);
			runOnlyForDeploymentPostprocessing = 0;
			shellPath = /bin/sh;
			shellScript = "\"${SRCROOT}/Pods/Target Support Files/Pods-PMBCWN/Pods-PMBCWN-resources.sh\"\n";
			showEnvVarsInLog = 0;
		};
/* End PBXShellScriptBuildPhase section */

/* Begin PBXSourcesBuildPhase section */
		F35847071F0E44010042AD83 /* Sources */ = {
			isa = PBXSourcesBuildPhase;
			buildActionMask = 2147483647;
			files = (
				F36A5C271F0F9B47006DA762 /* ItemViewModel.swift in Sources */,
				F35847111F0E44010042AD83 /* FeedsViewController.swift in Sources */,
				F36A5C1F1F0F8008006DA762 /* ListCoordinatorDelegate.swift in Sources */,
				F36A5C211F0F8134006DA762 /* ItemCoordinator.swift in Sources */,
				F36A5C111F0E8C8F006DA762 /* RSSFeedTableViewCell.swift in Sources */,
				F36A5C1D1F0E94AD006DA762 /* ListCoordinator.swift in Sources */,
				F36A5C241F0F82D2006DA762 /* ItemViewController.swift in Sources */,
				F36A5C171F0E936E006DA762 /* CoordinatorDelegate.swift in Sources */,
				F36A5C0E1F0E8784006DA762 /* FeedTableCellViewModel.swift in Sources */,
				F358470F1F0E44010042AD83 /* AppDelegate.swift in Sources */,
				F36A5C2C1F0FDCAA006DA762 /* MixPanelConfiguration.swift in Sources */,
				F36A5C191F0E939D006DA762 /* BaseAppCoordinator.swift in Sources */,
				F35847321F0E683E0042AD83 /* FeedTableViewModel.swift in Sources */,
				F36A5C161F0E936E006DA762 /* Coordinator.swift in Sources */,
			);
			runOnlyForDeploymentPostprocessing = 0;
		};
		F358471E1F0E44010042AD83 /* Sources */ = {
			isa = PBXSourcesBuildPhase;
			buildActionMask = 2147483647;
			files = (
				F35847271F0E44010042AD83 /* PMBCWNTests.swift in Sources */,
			);
			runOnlyForDeploymentPostprocessing = 0;
		};
/* End PBXSourcesBuildPhase section */

/* Begin PBXTargetDependency section */
		F35847241F0E44010042AD83 /* PBXTargetDependency */ = {
			isa = PBXTargetDependency;
			target = F358470A1F0E44010042AD83 /* PMBCWN */;
			targetProxy = F35847231F0E44010042AD83 /* PBXContainerItemProxy */;
		};
/* End PBXTargetDependency section */

/* Begin PBXVariantGroup section */
		F35847121F0E44010042AD83 /* Main.storyboard */ = {
			isa = PBXVariantGroup;
			children = (
				F35847131F0E44010042AD83 /* Base */,
			);
			name = Main.storyboard;
			sourceTree = "<group>";
		};
		F358471A1F0E44010042AD83 /* LaunchScreen.storyboard */ = {
			isa = PBXVariantGroup;
			children = (
				F358471B1F0E44010042AD83 /* Base */,
			);
			name = LaunchScreen.storyboard;
			sourceTree = "<group>";
		};
/* End PBXVariantGroup section */

/* Begin XCBuildConfiguration section */
		F35847291F0E44010042AD83 /* Debug */ = {
			isa = XCBuildConfiguration;
			buildSettings = {
				ALWAYS_SEARCH_USER_PATHS = NO;
				CLANG_ANALYZER_NONNULL = YES;
				CLANG_CXX_LANGUAGE_STANDARD = "gnu++0x";
				CLANG_CXX_LIBRARY = "libc++";
				CLANG_ENABLE_MODULES = YES;
				CLANG_ENABLE_OBJC_ARC = YES;
				CLANG_WARN_BOOL_CONVERSION = YES;
				CLANG_WARN_CONSTANT_CONVERSION = YES;
				CLANG_WARN_DIRECT_OBJC_ISA_USAGE = YES_ERROR;
				CLANG_WARN_DOCUMENTATION_COMMENTS = YES;
				CLANG_WARN_EMPTY_BODY = YES;
				CLANG_WARN_ENUM_CONVERSION = YES;
				CLANG_WARN_INFINITE_RECURSION = YES;
				CLANG_WARN_INT_CONVERSION = YES;
				CLANG_WARN_OBJC_ROOT_CLASS = YES_ERROR;
				CLANG_WARN_SUSPICIOUS_MOVE = YES;
				CLANG_WARN_UNREACHABLE_CODE = YES;
				CLANG_WARN__DUPLICATE_METHOD_MATCH = YES;
				"CODE_SIGN_IDENTITY[sdk=iphoneos*]" = "iPhone Developer";
				COPY_PHASE_STRIP = NO;
				DEBUG_INFORMATION_FORMAT = dwarf;
				ENABLE_STRICT_OBJC_MSGSEND = YES;
				ENABLE_TESTABILITY = YES;
				GCC_C_LANGUAGE_STANDARD = gnu99;
				GCC_DYNAMIC_NO_PIC = NO;
				GCC_NO_COMMON_BLOCKS = YES;
				GCC_OPTIMIZATION_LEVEL = 0;
				GCC_PREPROCESSOR_DEFINITIONS = (
					"DEBUG=1",
					"$(inherited)",
				);
				GCC_WARN_64_TO_32_BIT_CONVERSION = YES;
				GCC_WARN_ABOUT_RETURN_TYPE = YES_ERROR;
				GCC_WARN_UNDECLARED_SELECTOR = YES;
				GCC_WARN_UNINITIALIZED_AUTOS = YES_AGGRESSIVE;
				GCC_WARN_UNUSED_FUNCTION = YES;
				GCC_WARN_UNUSED_VARIABLE = YES;
				IPHONEOS_DEPLOYMENT_TARGET = 10.2;
				MTL_ENABLE_DEBUG_INFO = YES;
				ONLY_ACTIVE_ARCH = YES;
				SDKROOT = iphoneos;
				SWIFT_ACTIVE_COMPILATION_CONDITIONS = DEBUG;
				SWIFT_OPTIMIZATION_LEVEL = "-Onone";
			};
			name = Debug;
		};
		F358472A1F0E44010042AD83 /* Release */ = {
			isa = XCBuildConfiguration;
			buildSettings = {
				ALWAYS_SEARCH_USER_PATHS = NO;
				CLANG_ANALYZER_NONNULL = YES;
				CLANG_CXX_LANGUAGE_STANDARD = "gnu++0x";
				CLANG_CXX_LIBRARY = "libc++";
				CLANG_ENABLE_MODULES = YES;
				CLANG_ENABLE_OBJC_ARC = YES;
				CLANG_WARN_BOOL_CONVERSION = YES;
				CLANG_WARN_CONSTANT_CONVERSION = YES;
				CLANG_WARN_DIRECT_OBJC_ISA_USAGE = YES_ERROR;
				CLANG_WARN_DOCUMENTATION_COMMENTS = YES;
				CLANG_WARN_EMPTY_BODY = YES;
				CLANG_WARN_ENUM_CONVERSION = YES;
				CLANG_WARN_INFINITE_RECURSION = YES;
				CLANG_WARN_INT_CONVERSION = YES;
				CLANG_WARN_OBJC_ROOT_CLASS = YES_ERROR;
				CLANG_WARN_SUSPICIOUS_MOVE = YES;
				CLANG_WARN_UNREACHABLE_CODE = YES;
				CLANG_WARN__DUPLICATE_METHOD_MATCH = YES;
				"CODE_SIGN_IDENTITY[sdk=iphoneos*]" = "iPhone Developer";
				COPY_PHASE_STRIP = NO;
				DEBUG_INFORMATION_FORMAT = "dwarf-with-dsym";
				ENABLE_NS_ASSERTIONS = NO;
				ENABLE_STRICT_OBJC_MSGSEND = YES;
				GCC_C_LANGUAGE_STANDARD = gnu99;
				GCC_NO_COMMON_BLOCKS = YES;
				GCC_WARN_64_TO_32_BIT_CONVERSION = YES;
				GCC_WARN_ABOUT_RETURN_TYPE = YES_ERROR;
				GCC_WARN_UNDECLARED_SELECTOR = YES;
				GCC_WARN_UNINITIALIZED_AUTOS = YES_AGGRESSIVE;
				GCC_WARN_UNUSED_FUNCTION = YES;
				GCC_WARN_UNUSED_VARIABLE = YES;
				IPHONEOS_DEPLOYMENT_TARGET = 10.2;
				MTL_ENABLE_DEBUG_INFO = NO;
				SDKROOT = iphoneos;
				SWIFT_OPTIMIZATION_LEVEL = "-Owholemodule";
				VALIDATE_PRODUCT = YES;
			};
			name = Release;
		};
		F358472C1F0E44010042AD83 /* Debug */ = {
			isa = XCBuildConfiguration;
			baseConfigurationReference = 0655B6EA6F00AB0C28A69834 /* Pods-PMBCWN.debug.xcconfig */;
			buildSettings = {
				ASSETCATALOG_COMPILER_APPICON_NAME = AppIcon;
				CODE_SIGN_ENTITLEMENTS = PMBCWN/PMBCWN.entitlements;
				DEVELOPMENT_TEAM = 93XSVADNU8;
				INFOPLIST_FILE = PMBCWN/Info.plist;
				LD_RUNPATH_SEARCH_PATHS = "$(inherited) @executable_path/Frameworks";
				PRODUCT_BUNDLE_IDENTIFIER = com.arkmon.PMBCWN;
				PRODUCT_NAME = "$(TARGET_NAME)";
				SWIFT_VERSION = 3.0;
			};
			name = Debug;
		};
		F358472D1F0E44010042AD83 /* Release */ = {
			isa = XCBuildConfiguration;
			baseConfigurationReference = 344B89825E75E4D14785E2E9 /* Pods-PMBCWN.release.xcconfig */;
			buildSettings = {
				ASSETCATALOG_COMPILER_APPICON_NAME = AppIcon;
				CODE_SIGN_ENTITLEMENTS = PMBCWN/PMBCWN.entitlements;
				DEVELOPMENT_TEAM = 93XSVADNU8;
				INFOPLIST_FILE = PMBCWN/Info.plist;
				LD_RUNPATH_SEARCH_PATHS = "$(inherited) @executable_path/Frameworks";
				PRODUCT_BUNDLE_IDENTIFIER = com.arkmon.PMBCWN;
				PRODUCT_NAME = "$(TARGET_NAME)";
				SWIFT_VERSION = 3.0;
			};
			name = Release;
		};
		F358472F1F0E44010042AD83 /* Debug */ = {
			isa = XCBuildConfiguration;
			baseConfigurationReference = 2A255FC60C1465209196B5FB /* Pods-PMBCWNTests.debug.xcconfig */;
			buildSettings = {
				ALWAYS_EMBED_SWIFT_STANDARD_LIBRARIES = YES;
				BUNDLE_LOADER = "$(TEST_HOST)";
				INFOPLIST_FILE = PMBCWNTests/Info.plist;
				LD_RUNPATH_SEARCH_PATHS = "$(inherited) @executable_path/Frameworks @loader_path/Frameworks";
				PRODUCT_BUNDLE_IDENTIFIER = com.arkmon.PMBCWNTests;
				PRODUCT_NAME = "$(TARGET_NAME)";
				SWIFT_VERSION = 3.0;
				TEST_HOST = "$(BUILT_PRODUCTS_DIR)/PMBCWN.app/PMBCWN";
			};
			name = Debug;
		};
		F35847301F0E44010042AD83 /* Release */ = {
			isa = XCBuildConfiguration;
			baseConfigurationReference = CB365255E4C83FCB6F126F83 /* Pods-PMBCWNTests.release.xcconfig */;
			buildSettings = {
				ALWAYS_EMBED_SWIFT_STANDARD_LIBRARIES = YES;
				BUNDLE_LOADER = "$(TEST_HOST)";
				INFOPLIST_FILE = PMBCWNTests/Info.plist;
				LD_RUNPATH_SEARCH_PATHS = "$(inherited) @executable_path/Frameworks @loader_path/Frameworks";
				PRODUCT_BUNDLE_IDENTIFIER = com.arkmon.PMBCWNTests;
				PRODUCT_NAME = "$(TARGET_NAME)";
				SWIFT_VERSION = 3.0;
				TEST_HOST = "$(BUILT_PRODUCTS_DIR)/PMBCWN.app/PMBCWN";
			};
			name = Release;
		};
/* End XCBuildConfiguration section */

/* Begin XCConfigurationList section */
		F35847061F0E44010042AD83 /* Build configuration list for PBXProject "PMBCWN" */ = {
			isa = XCConfigurationList;
			buildConfigurations = (
				F35847291F0E44010042AD83 /* Debug */,
				F358472A1F0E44010042AD83 /* Release */,
			);
			defaultConfigurationIsVisible = 0;
			defaultConfigurationName = Release;
		};
		F358472B1F0E44010042AD83 /* Build configuration list for PBXNativeTarget "PMBCWN" */ = {
			isa = XCConfigurationList;
			buildConfigurations = (
				F358472C1F0E44010042AD83 /* Debug */,
				F358472D1F0E44010042AD83 /* Release */,
			);
			defaultConfigurationIsVisible = 0;
			defaultConfigurationName = Release;
		};
		F358472E1F0E44010042AD83 /* Build configuration list for PBXNativeTarget "PMBCWNTests" */ = {
			isa = XCConfigurationList;
			buildConfigurations = (
				F358472F1F0E44010042AD83 /* Debug */,
				F35847301F0E44010042AD83 /* Release */,
			);
			defaultConfigurationIsVisible = 0;
			defaultConfigurationName = Release;
		};
/* End XCConfigurationList section */
	};
	rootObject = F35847031F0E44010042AD83 /* Project object */;
}
